{
  "name": "wasm_node",
  "version": "1.0.0",
  "lockfileVersion": 3,
  "requires": true,
  "packages": {
    "": {
      "name": "wasm_node",
      "version": "1.0.0",
      "license": "ISC",
      "dependencies": {
        "wasm_function": "file:../wasm_function/pkg"
      }
    },
    "../wasm_function/pkg": {
      "version": "0.1.0"
    },
    "node_modules/wasm_function": {
      "resolved": "../wasm_function/pkg",
      "link": true
    }
  }
}
